
Microsoft Visual Studio Solution File, Format Version 12.00
# Visual Studio 15
VisualStudioVersion = 15.0.27703.2035
MinimumVisualStudioVersion = 10.0.40219.1
Project("{FAE04EC0-301F-11D3-BF4B-00C04F79EFBC}") = "TestValidation", "TestValidation\TestValidation.csproj", "{5E89BC3E-5606-431C-ABBB-C1AB67834191}"
EndProject
Global
	GlobalSection(SolutionConfigurationPlatforms) = preSolution
		Debug|Any CPU = Debug|Any CPU
		Release|Any CPU = Release|Any CPU
	EndGlobalSection
	GlobalSection(ProjectConfigurationPlatforms) = postSolution
		{5E89BC3E-5606-431C-ABBB-C1AB67834191}.Debug|Any CPU.ActiveCfg = Debug|Any CPU
		{5E89BC3E-5606-431C-ABBB-C1AB67834191}.Debug|Any CPU.Build.0 = Debug|Any CPU
		{5E89BC3E-5606-431C-ABBB-C1AB67834191}.Release|Any CPU.ActiveCfg = Release|Any CPU
		{5E89BC3E-5606-431C-ABBB-C1AB67834191}.Release|Any CPU.Build.0 = Release|Any CPU
	EndGlobalSection
	GlobalSection(SolutionProperties) = preSolution
		HideSolutionNode = FALSE
	EndGlobalSection
	GlobalSection(ExtensibilityGlobals) = postSolution
		SolutionGuid = {FF383F96-3B97-4919-9363-9994297A0907}
	EndGlobalSection
EndGlobal
